
Microsoft Visual Studio Solution File, Format Version 12.00
# Visual Studio 14
VisualStudioVersion = 14.0.25420.1
MinimumVisualStudioVersion = 10.0.40219.1
Project("{FAE04EC0-301F-11D3-BF4B-00C04F79EFBC}") = "Github.Webhooks", "Github.Webhooks.csproj", "{8910CD91-2E70-4569-8202-BEBCD43798ED}"
EndProject
Project("{FAE04EC0-301F-11D3-BF4B-00C04F79EFBC}") = "TFS.Webhook", "..\TFS.Webhook\TFS.Webhook.csproj", "{7EF60651-0597-4A28-9218-87C00BC2A3CF}"
EndProject
Global
	GlobalSection(SolutionConfigurationPlatforms) = preSolution
		Debug|Any CPU = Debug|Any CPU
		Release|Any CPU = Release|Any CPU
	EndGlobalSection
	GlobalSection(ProjectConfigurationPlatforms) = postSolution
		{8910CD91-2E70-4569-8202-BEBCD43798ED}.Debug|Any CPU.ActiveCfg = Debug|Any CPU
		{8910CD91-2E70-4569-8202-BEBCD43798ED}.Debug|Any CPU.Build.0 = Debug|Any CPU
		{8910CD91-2E70-4569-8202-BEBCD43798ED}.Release|Any CPU.ActiveCfg = Release|Any CPU
		{8910CD91-2E70-4569-8202-BEBCD43798ED}.Release|Any CPU.Build.0 = Release|Any CPU
		{7EF60651-0597-4A28-9218-87C00BC2A3CF}.Debug|Any CPU.ActiveCfg = Debug|Any CPU
		{7EF60651-0597-4A28-9218-87C00BC2A3CF}.Debug|Any CPU.Build.0 = Debug|Any CPU
		{7EF60651-0597-4A28-9218-87C00BC2A3CF}.Release|Any CPU.ActiveCfg = Release|Any CPU
		{7EF60651-0597-4A28-9218-87C00BC2A3CF}.Release|Any CPU.Build.0 = Release|Any CPU
	EndGlobalSection
	GlobalSection(SolutionProperties) = preSolution
		HideSolutionNode = FALSE
	EndGlobalSection
EndGlobal
